{
  "nodes": {
    "flake-compat": {
      "flake": false,
      "locked": {
        "lastModified": 1673956053,
        "narHash": "sha256-4gtG9iQuiKITOjNQQeQIpoIB6b16fm+504Ch3sNKLd8=",
        "owner": "edolstra",
        "repo": "flake-compat",
        "rev": "35bb57c0c8d8b62bbfd284272c928ceb64ddbde9",
        "type": "github"
      },
      "original": {
        "owner": "edolstra",
        "repo": "flake-compat",
        "type": "github"
      }
    },
    "flake-utils": {
      "locked": {
        "lastModified": 1667395993,
        "narHash": "sha256-nuEHfE/LcWyuSWnS8t12N1wc105Qtau+/OdUAjtQ0rA=",
        "owner": "numtide",
        "repo": "flake-utils",
        "rev": "5aed5285a952e0b949eb3ba02c12fa4fcfef535f",
        "type": "github"
      },
      "original": {
        "owner": "numtide",
        "repo": "flake-utils",
        "type": "github"
      }
    },
    "flake-utils_2": {
      "locked": {
        "lastModified": 1676283394,
        "narHash": "sha256-XX2f9c3iySLCw54rJ/CZs+ZK6IQy7GXNY4nSOyu2QG4=",
        "owner": "numtide",
        "repo": "flake-utils",
        "rev": "3db36a8b464d0c4532ba1c7dda728f4576d6d073",
        "type": "github"
      },
      "original": {
        "owner": "numtide",
        "repo": "flake-utils",
        "type": "github"
      }
    },
    "gitignore": {
      "inputs": {
        "nixpkgs": [
          "pre-commit-hooks",
          "nixpkgs"
        ]
      },
      "locked": {
        "lastModified": 1660459072,
        "narHash": "sha256-8DFJjXG8zqoONA1vXtgeKXy68KdJL5UaXR8NtVMUbx8=",
        "owner": "hercules-ci",
        "repo": "gitignore.nix",
        "rev": "a20de23b925fd8264fd7fad6454652e142fd7f73",
        "type": "github"
      },
      "original": {
        "owner": "hercules-ci",
        "repo": "gitignore.nix",
        "type": "github"
      }
    },
    "luvit": {
      "flake": false,
      "locked": {
        "lastModified": 1642649424,
        "narHash": "sha256-TNiD6GPnS8O2d53sJ52xWYqMAXrVJu2lkfXhf2jWuL0=",
        "owner": "luvit",
        "repo": "luvit",
        "rev": "3f328ad928eb214f6438dd25fb9ee8b5c1e9255c",
        "type": "github"
      },
      "original": {
        "owner": "luvit",
        "repo": "luvit",
        "type": "github"
      }
    },
    "luvitpkgs": {
      "inputs": {
        "flake-utils": "flake-utils_2",
        "luvit": "luvit",
        "nixpkgs": "nixpkgs"
      },
      "locked": {
        "lastModified": 1677191845,
        "narHash": "sha256-jAyQcaK9SAoP87K3qY50Lbc3VWWbVwSdGs+7raUDJS4=",
        "owner": "aiverson",
        "repo": "luvit-nix",
        "rev": "92d0e7f7108092bd9756f7b57d3bdb939df5727c",
        "type": "github"
      },
      "original": {
        "owner": "aiverson",
        "repo": "luvit-nix",
        "type": "github"
      }
    },
    "nixpkgs": {
      "locked": {
        "lastModified": 1650501692,
        "narHash": "sha256-ApKf0/dc0SyB7zZ6yiiOQgcXAhCXxbSDyihHfRDIzx0=",
        "owner": "nixos",
        "repo": "nixpkgs",
        "rev": "9887f024766aa27704d1f89f623efd1d063da92a",
        "type": "github"
      },
      "original": {
        "owner": "nixos",
        "ref": "nixos-21.11",
        "repo": "nixpkgs",
        "type": "github"
      }
    },
    "nixpkgs-stable": {
      "locked": {
        "lastModified": 1685801374,
        "narHash": "sha256-otaSUoFEMM+LjBI1XL/xGB5ao6IwnZOXc47qhIgJe8U=",
        "owner": "NixOS",
        "repo": "nixpkgs",
        "rev": "c37ca420157f4abc31e26f436c1145f8951ff373",
        "type": "github"
      },
      "original": {
        "owner": "NixOS",
        "ref": "nixos-23.05",
        "repo": "nixpkgs",
        "type": "github"
      }
    },
    "nixpkgs-unstable": {
      "locked": {
        "lastModified": 1696604326,
        "narHash": "sha256-YXUNI0kLEcI5g8lqGMb0nh67fY9f2YoJsILafh6zlMo=",
        "owner": "nixos",
        "repo": "nixpkgs",
        "rev": "87828a0e03d1418e848d3dd3f3014a632e4a4f64",
        "type": "github"
      },
      "original": {
        "owner": "nixos",
        "ref": "nixos-unstable",
        "repo": "nixpkgs",
        "type": "github"
      }
    },
    "nixpkgs_2": {
      "locked": {
        "lastModified": 1702233072,
        "narHash": "sha256-H5G2wgbim2Ku6G6w+NSaQaauv6B6DlPhY9fMvArKqRo=",
        "owner": "nixos",
        "repo": "nixpkgs",
        "rev": "781e2a9797ecf0f146e81425c822dca69fe4a348",
        "type": "github"
      },
      "original": {
        "owner": "nixos",
        "ref": "nixos-23.11",
        "repo": "nixpkgs",
        "type": "github"
      }
    },
    "pre-commit-hooks": {
      "inputs": {
        "flake-compat": "flake-compat",
        "flake-utils": [
          "flake-utils"
        ],
        "gitignore": "gitignore",
        "nixpkgs": [
          "nixpkgs"
        ],
        "nixpkgs-stable": "nixpkgs-stable"
      },
      "locked": {
        "lastModified": 1702325376,
        "narHash": "sha256-biLGx2LzU2+/qPwq+kWwVBgXs3MVYT1gPa0fCwpLplU=",
        "owner": "cachix",
        "repo": "pre-commit-hooks.nix",
        "rev": "e1d203c2fa7e2593c777e490213958ef81f71977",
        "type": "github"
      },
      "original": {
        "owner": "cachix",
        "repo": "pre-commit-hooks.nix",
        "type": "github"
      }
    },
    "root": {
      "inputs": {
        "flake-utils": "flake-utils",
        "luvitpkgs": "luvitpkgs",
        "nixpkgs": "nixpkgs_2",
        "nixpkgs-unstable": "nixpkgs-unstable",
        "pre-commit-hooks": "pre-commit-hooks"
      }
    }
  },
  "root": "root",
  "version": 7
}
